
Microsoft Visual Studio Solution File, Format Version 12.00
# Visual Studio Version 16
VisualStudioVersion = 16.0.30907.101
MinimumVisualStudioVersion = 10.0.40219.1
Project("{FAE04EC0-301F-11D3-BF4B-00C04F79EFBC}") = "ForLoop", "ForLoop\ForLoop.csproj", "{64CAF63E-8B24-483F-91AB-6E7765153CB1}"
EndProject
Global
	GlobalSection(SolutionConfigurationPlatforms) = preSolution
		Debug|Any CPU = Debug|Any CPU
		Release|Any CPU = Release|Any CPU
	EndGlobalSection
	GlobalSection(ProjectConfigurationPlatforms) = postSolution
		{64CAF63E-8B24-483F-91AB-6E7765153CB1}.Debug|Any CPU.ActiveCfg = Debug|Any CPU
		{64CAF63E-8B24-483F-91AB-6E7765153CB1}.Debug|Any CPU.Build.0 = Debug|Any CPU
		{64CAF63E-8B24-483F-91AB-6E7765153CB1}.Release|Any CPU.ActiveCfg = Release|Any CPU
		{64CAF63E-8B24-483F-91AB-6E7765153CB1}.Release|Any CPU.Build.0 = Release|Any CPU
	EndGlobalSection
	GlobalSection(SolutionProperties) = preSolution
		HideSolutionNode = FALSE
	EndGlobalSection
	GlobalSection(ExtensibilityGlobals) = postSolution
		SolutionGuid = {618969C1-7B70-4921-86EA-0F160114BA77}
	EndGlobalSection
EndGlobal
